github.com/BurntSushi/toml v0.1.1-0.20141028230038-3883ac1ce943 h1:gBSnRVjL5Hjcg69oIiLp9I+9O+0MVhZ0Qbet7kTKYUk=
github.com/BurntSushi/toml v0.1.1-0.20141028230038-3883ac1ce943/go.mod h1:xHWCNGjB5oqiDr8zfno3MHue2Ht5sIBksp03qcyfWMU=
github.com/gin-gonic/gin v0.0.0-20150207141043-50e7e427300a h1:GQ+yon87GnS54+LuWntTbOook49Gj8blKLFRbjK2q74=
github.com/gin-gonic/gin v0.0.0-20150207141043-50e7e427300a/go.mod h1:7cKuhb5qV2ggCFctp2fJQ+ErvciLZrIeoOSOm6mUr7Y=
github.com/go-sql-driver/mysql v1.6.0 h1:BCTh4TKNUYmOmMUcQ3IipzF5prigylS7XXjEkfCHuOE=
github.com/go-sql-driver/mysql v1.6.0/go.mod h1:DCzpHaOWr8IXmIStZouvnhqoel9Qv2LBy8hT2VhHyBg=
github.com/jessevdk/go-flags v0.0.0-20141203071132-1679536dcc89 h1:12K8AlpT0/6QUXSfV0yi4Q0jkbq8NDtIKFtF61AoqV0=
github.com/jessevdk/go-flags v0.0.0-20141203071132-1679536dcc89/go.mod h1:4FA24M0QyGHXBuZZK/XkWh8h0e1EYbRYJSGM75WSRxI=
github.com/jmoiron/sqlx v0.0.0-20150109030337-b468c08552f4 h1:VPnreUdkUdwlT8qNzeqwgDckowFrGr9u26OOwR0U8g8=
github.com/jmoiron/sqlx v0.0.0-20150109030337-b468c08552f4/go.mod h1:IiEW3SEiiErVyFdH8NTuWjSifiEQKUoyK3LNqr2kCHU=
github.com/julienschmidt/httprouter v1.0.1-0.20150106073633-b55664b9e920 h1:daoMBd4Qxjst0piA1oPTvN42YR+reI7oZdXWGXh8ad0=
github.com/julienschmidt/httprouter v1.0.1-0.20150106073633-b55664b9e920/go.mod h1:SYymIcj16QtmaHHD7aYtjjsJG7VTCxuUUipMqKk8s4w=
github.com/lib/pq v0.0.0-20150701225636-dc50b6ad2d3e h1:yesBok/YTy6psHASVrrTT28nWe4n+iFy9cFAyfqhk64=
github.com/lib/pq v0.0.0-20150701225636-dc50b6ad2d3e/go.mod h1:5WUZQaWbwv1U+lTReE5YruASi9Al49XbQIvNi/34Woo=
github.com/mattn/go-oci8 v0.1.1 h1:aEUDxNAyDG0tv8CA3TArnDQNyc4EhnWlsfxRgDHABHM=
github.com/mattn/go-oci8 v0.1.1/go.mod h1:wjDx6Xm9q7dFtHJvIlrI99JytznLw5wQ4R+9mNXJwGI=
github.com/mattn/go-sqlite3 v1.14.8 h1:gDp86IdQsN/xWjIEmr9MF6o9mpksUgh0fu+9ByFxzIU=
github.com/mattn/go-sqlite3 v1.14.8/go.mod h1:NyWgC/yNuGj7Q9rpYnZvas74GogHl5/Z4A/KQRfk6bU=
github.com/mitchellh/go-homedir v0.0.0-20140913165950-7d2d8c8a4e07 h1:NBNvIZZuVAWHgnupQIjBHhiOxu9P6SZGYCtxOVsSbyI=
github.com/mitchellh/go-homedir v0.0.0-20140913165950-7d2d8c8a4e07/go.mod h1:SfyaCUpYCn1Vlf4IUYiD9fPX4A5wJrkLzIz1N1q0pr0=
github.com/stretchr/testify v0.0.0-20141222171626-2eaa4b48b895 h1:9BhCbMAQMpBMN4+KqF1q3wy0sMBL1q6api9gKKI3NMw=
github.com/stretchr/testify v0.0.0-20141222171626-2eaa4b48b895/go.mod h1:a8OnRcib4nhh0OaRAV+Yts87kKdq0PP7pXfy6kDkUVs=
